// !$*UTF8*$!
{
	archiveVersion = 1;
	classes = {
	};
	objectVersion = 50;
	objects = {

/* Begin PBXBuildFile section */
		217448CF26379EA500062512 /* Tests_iOS.swift in Sources */ = {isa = PBXBuildFile; fileRef = 217448CE26379EA500062512 /* Tests_iOS.swift */; };
		217448DA26379EA500062512 /* Tests_macOS.swift in Sources */ = {isa = PBXBuildFile; fileRef = 217448D926379EA500062512 /* Tests_macOS.swift */; };
		217448DC26379EA500062512 /* nerdeameApp.swift in Sources */ = {isa = PBXBuildFile; fileRef = 217448B326379EA300062512 /* nerdeameApp.swift */; };
		217448DD26379EA500062512 /* nerdeameApp.swift in Sources */ = {isa = PBXBuildFile; fileRef = 217448B326379EA300062512 /* nerdeameApp.swift */; };
		217448DE26379EA500062512 /* ContentView.swift in Sources */ = {isa = PBXBuildFile; fileRef = 217448B426379EA300062512 /* ContentView.swift */; };
		217448DF26379EA500062512 /* ContentView.swift in Sources */ = {isa = PBXBuildFile; fileRef = 217448B426379EA300062512 /* ContentView.swift */; };
		217448E026379EA500062512 /* Assets.xcassets in Resources */ = {isa = PBXBuildFile; fileRef = 217448B526379EA400062512 /* Assets.xcassets */; };
		217448E126379EA500062512 /* Assets.xcassets in Resources */ = {isa = PBXBuildFile; fileRef = 217448B526379EA400062512 /* Assets.xcassets */; };
/* End PBXBuildFile section */

/* Begin PBXContainerItemProxy section */
		217448CB26379EA500062512 /* PBXContainerItemProxy */ = {
			isa = PBXContainerItemProxy;
			containerPortal = 217448AE26379EA200062512 /* Project object */;
			proxyType = 1;
			remoteGlobalIDString = 217448B926379EA400062512;
			remoteInfo = "nerdeame (iOS)";
		};
		217448D626379EA500062512 /* PBXContainerItemProxy */ = {
			isa = PBXContainerItemProxy;
			containerPortal = 217448AE26379EA200062512 /* Project object */;
			proxyType = 1;
			remoteGlobalIDString = 217448C126379EA500062512;
			remoteInfo = "nerdeame (macOS)";
		};
/* End PBXContainerItemProxy section */

/* Begin PBXFileReference section */
		217448B326379EA300062512 /* nerdeameApp.swift */ = {isa = PBXFileReference; lastKnownFileType = sourcecode.swift; path = nerdeameApp.swift; sourceTree = "<group>"; };
		217448B426379EA300062512 /* ContentView.swift */ = {isa = PBXFileReference; lastKnownFileType = sourcecode.swift; path = ContentView.swift; sourceTree = "<group>"; };
		217448B526379EA400062512 /* Assets.xcassets */ = {isa = PBXFileReference; lastKnownFileType = folder.assetcatalog; path = Assets.xcassets; sourceTree = "<group>"; };
		217448BA26379EA500062512 /* nerdeame.app */ = {isa = PBXFileReference; explicitFileType = wrapper.application; includeInIndex = 0; path = nerdeame.app; sourceTree = BUILT_PRODUCTS_DIR; };
		217448BD26379EA500062512 /* Info.plist */ = {isa = PBXFileReference; lastKnownFileType = text.plist.xml; path = Info.plist; sourceTree = "<group>"; };
		217448C226379EA500062512 /* nerdeame.app */ = {isa = PBXFileReference; explicitFileType = wrapper.application; includeInIndex = 0; path = nerdeame.app; sourceTree = BUILT_PRODUCTS_DIR; };
		217448C426379EA500062512 /* Info.plist */ = {isa = PBXFileReference; lastKnownFileType = text.plist.xml; path = Info.plist; sourceTree = "<group>"; };
		217448C526379EA500062512 /* macOS.entitlements */ = {isa = PBXFileReference; lastKnownFileType = text.plist.entitlements; path = macOS.entitlements; sourceTree = "<group>"; };
		217448CA26379EA500062512 /* Tests iOS.xctest */ = {isa = PBXFileReference; explicitFileType = wrapper.cfbundle; includeInIndex = 0; path = "Tests iOS.xctest"; sourceTree = BUILT_PRODUCTS_DIR; };
		217448CE26379EA500062512 /* Tests_iOS.swift */ = {isa = PBXFileReference; lastKnownFileType = sourcecode.swift; path = Tests_iOS.swift; sourceTree = "<group>"; };
		217448D026379EA500062512 /* Info.plist */ = {isa = PBXFileReference; lastKnownFileType = text.plist.xml; path = Info.plist; sourceTree = "<group>"; };
		217448D526379EA500062512 /* Tests macOS.xctest */ = {isa = PBXFileReference; explicitFileType = wrapper.cfbundle; includeInIndex = 0; path = "Tests macOS.xctest"; sourceTree = BUILT_PRODUCTS_DIR; };
		217448D926379EA500062512 /* Tests_macOS.swift */ = {isa = PBXFileReference; lastKnownFileType = sourcecode.swift; path = Tests_macOS.swift; sourceTree = "<group>"; };
		217448DB26379EA500062512 /* Info.plist */ = {isa = PBXFileReference; lastKnownFileType = text.plist.xml; path = Info.plist; sourceTree = "<group>"; };
/* End PBXFileReference section */

/* Begin PBXFrameworksBuildPhase section */
		217448B726379EA400062512 /* Frameworks */ = {
			isa = PBXFrameworksBuildPhase;
			buildActionMask = 2147483647;
			files = (
			);
			runOnlyForDeploymentPostprocessing = 0;
		};
		217448BF26379EA500062512 /* Frameworks */ = {
			isa = PBXFrameworksBuildPhase;
			buildActionMask = 2147483647;
			files = (
			);
			runOnlyForDeploymentPostprocessing = 0;
		};
		217448C726379EA500062512 /* Frameworks */ = {
			isa = PBXFrameworksBuildPhase;
			buildActionMask = 2147483647;
			files = (
			);
			runOnlyForDeploymentPostprocessing = 0;
		};
		217448D226379EA500062512 /* Frameworks */ = {
			isa = PBXFrameworksBuildPhase;
			buildActionMask = 2147483647;
			files = (
			);
			runOnlyForDeploymentPostprocessing = 0;
		};
/* End PBXFrameworksBuildPhase section */

/* Begin PBXGroup section */
		217448AD26379EA200062512 = {
			isa = PBXGroup;
			children = (
				217448B226379EA300062512 /* Shared */,
				217448BC26379EA500062512 /* iOS */,
				217448C326379EA500062512 /* macOS */,
				217448CD26379EA500062512 /* Tests iOS */,
				217448D826379EA500062512 /* Tests macOS */,
				217448BB26379EA500062512 /* Products */,
			);
			sourceTree = "<group>";
		};
		217448B226379EA300062512 /* Shared */ = {
			isa = PBXGroup;
			children = (
				217448B326379EA300062512 /* nerdeameApp.swift */,
				217448B426379EA300062512 /* ContentView.swift */,
				217448B526379EA400062512 /* Assets.xcassets */,
			);
			path = Shared;
			sourceTree = "<group>";
		};
		217448BB26379EA500062512 /* Products */ = {
			isa = PBXGroup;
			children = (
				217448BA26379EA500062512 /* nerdeame.app */,
				217448C226379EA500062512 /* nerdeame.app */,
				217448CA26379EA500062512 /* Tests iOS.xctest */,
				217448D526379EA500062512 /* Tests macOS.xctest */,
			);
			name = Products;
			sourceTree = "<group>";
		};
		217448BC26379EA500062512 /* iOS */ = {
			isa = PBXGroup;
			children = (
				217448BD26379EA500062512 /* Info.plist */,
			);
			path = iOS;
			sourceTree = "<group>";
		};
		217448C326379EA500062512 /* macOS */ = {
			isa = PBXGroup;
			children = (
				217448C426379EA500062512 /* Info.plist */,
				217448C526379EA500062512 /* macOS.entitlements */,
			);
			path = macOS;
			sourceTree = "<group>";
		};
		217448CD26379EA500062512 /* Tests iOS */ = {
			isa = PBXGroup;
			children = (
				217448CE26379EA500062512 /* Tests_iOS.swift */,
				217448D026379EA500062512 /* Info.plist */,
			);
			path = "Tests iOS";
			sourceTree = "<group>";
		};
		217448D826379EA500062512 /* Tests macOS */ = {
			isa = PBXGroup;
			children = (
				217448D926379EA500062512 /* Tests_macOS.swift */,
				217448DB26379EA500062512 /* Info.plist */,
			);
			path = "Tests macOS";
			sourceTree = "<group>";
		};
/* End PBXGroup section */

/* Begin PBXNativeTarget section */
		217448B926379EA400062512 /* nerdeame (iOS) */ = {
			isa = PBXNativeTarget;
			buildConfigurationList = 217448E426379EA500062512 /* Build configuration list for PBXNativeTarget "nerdeame (iOS)" */;
			buildPhases = (
				217448B626379EA400062512 /* Sources */,
				217448B726379EA400062512 /* Frameworks */,
				217448B826379EA400062512 /* Resources */,
			);
			buildRules = (
			);
			dependencies = (
			);
			name = "nerdeame (iOS)";
			productName = "nerdeame (iOS)";
			productReference = 217448BA26379EA500062512 /* nerdeame.app */;
			productType = "com.apple.product-type.application";
		};
		217448C126379EA500062512 /* nerdeame (macOS) */ = {
			isa = PBXNativeTarget;
			buildConfigurationList = 217448E726379EA500062512 /* Build configuration list for PBXNativeTarget "nerdeame (macOS)" */;
			buildPhases = (
				217448BE26379EA500062512 /* Sources */,
				217448BF26379EA500062512 /* Frameworks */,
				217448C026379EA500062512 /* Resources */,
			);
			buildRules = (
			);
			dependencies = (
			);
			name = "nerdeame (macOS)";
			productName = "nerdeame (macOS)";
			productReference = 217448C226379EA500062512 /* nerdeame.app */;
			productType = "com.apple.product-type.application";
		};
		217448C926379EA500062512 /* Tests iOS */ = {
			isa = PBXNativeTarget;
			buildConfigurationList = 217448EA26379EA500062512 /* Build configuration list for PBXNativeTarget "Tests iOS" */;
			buildPhases = (
				217448C626379EA500062512 /* Sources */,
				217448C726379EA500062512 /* Frameworks */,
				217448C826379EA500062512 /* Resources */,
			);
			buildRules = (
			);
			dependencies = (
				217448CC26379EA500062512 /* PBXTargetDependency */,
			);
			name = "Tests iOS";
			productName = "Tests iOS";
			productReference = 217448CA26379EA500062512 /* Tests iOS.xctest */;
			productType = "com.apple.product-type.bundle.ui-testing";
		};
		217448D426379EA500062512 /* Tests macOS */ = {
			isa = PBXNativeTarget;
			buildConfigurationList = 217448ED26379EA500062512 /* Build configuration list for PBXNativeTarget "Tests macOS" */;
			buildPhases = (
				217448D126379EA500062512 /* Sources */,
				217448D226379EA500062512 /* Frameworks */,
				217448D326379EA500062512 /* Resources */,
			);
			buildRules = (
			);
			dependencies = (
				217448D726379EA500062512 /* PBXTargetDependency */,
			);
			name = "Tests macOS";
			productName = "Tests macOS";
			productReference = 217448D526379EA500062512 /* Tests macOS.xctest */;
			productType = "com.apple.product-type.bundle.ui-testing";
		};
/* End PBXNativeTarget section */

/* Begin PBXProject section */
		217448AE26379EA200062512 /* Project object */ = {
			isa = PBXProject;
			attributes = {
				LastSwiftUpdateCheck = 1240;
				LastUpgradeCheck = 1240;
				TargetAttributes = {
					217448B926379EA400062512 = {
						CreatedOnToolsVersion = 12.4;
					};
					217448C126379EA500062512 = {
						CreatedOnToolsVersion = 12.4;
					};
					217448C926379EA500062512 = {
						CreatedOnToolsVersion = 12.4;
						TestTargetID = 217448B926379EA400062512;
					};
					217448D426379EA500062512 = {
						CreatedOnToolsVersion = 12.4;
						TestTargetID = 217448C126379EA500062512;
					};
				};
			};
			buildConfigurationList = 217448B126379EA200062512 /* Build configuration list for PBXProject "nerdeame" */;
			compatibilityVersion = "Xcode 9.3";
			developmentRegion = en;
			hasScannedForEncodings = 0;
			knownRegions = (
				en,
				Base,
			);
			mainGroup = 217448AD26379EA200062512;
			productRefGroup = 217448BB26379EA500062512 /* Products */;
			projectDirPath = "";
			projectRoot = "";
			targets = (
				217448B926379EA400062512 /* nerdeame (iOS) */,
				217448C126379EA500062512 /* nerdeame (macOS) */,
				217448C926379EA500062512 /* Tests iOS */,
				217448D426379EA500062512 /* Tests macOS */,
			);
		};
/* End PBXProject section */

/* Begin PBXResourcesBuildPhase section */
		217448B826379EA400062512 /* Resources */ = {
			isa = PBXResourcesBuildPhase;
			buildActionMask = 2147483647;
			files = (
				217448E026379EA500062512 /* Assets.xcassets in Resources */,
			);
			runOnlyForDeploymentPostprocessing = 0;
		};
		217448C026379EA500062512 /* Resources */ = {
			isa = PBXResourcesBuildPhase;
			buildActionMask = 2147483647;
			files = (
				217448E126379EA500062512 /* Assets.xcassets in Resources */,
			);
			runOnlyForDeploymentPostprocessing = 0;
		};
		217448C826379EA500062512 /* Resources */ = {
			isa = PBXResourcesBuildPhase;
			buildActionMask = 2147483647;
			files = (
			);
			runOnlyForDeploymentPostprocessing = 0;
		};
		217448D326379EA500062512 /* Resources */ = {
			isa = PBXResourcesBuildPhase;
			buildActionMask = 2147483647;
			files = (
			);
			runOnlyForDeploymentPostprocessing = 0;
		};
/* End PBXResourcesBuildPhase section */

/* Begin PBXSourcesBuildPhase section */
		217448B626379EA400062512 /* Sources */ = {
			isa = PBXSourcesBuildPhase;
			buildActionMask = 2147483647;
			files = (
				217448DE26379EA500062512 /* ContentView.swift in Sources */,
				217448DC26379EA500062512 /* nerdeameApp.swift in Sources */,
			);
			runOnlyForDeploymentPostprocessing = 0;
		};
		217448BE26379EA500062512 /* Sources */ = {
			isa = PBXSourcesBuildPhase;
			buildActionMask = 2147483647;
			files = (
				217448DF26379EA500062512 /* ContentView.swift in Sources */,
				217448DD26379EA500062512 /* nerdeameApp.swift in Sources */,
			);
			runOnlyForDeploymentPostprocessing = 0;
		};
		217448C626379EA500062512 /* Sources */ = {
			isa = PBXSourcesBuildPhase;
			buildActionMask = 2147483647;
			files = (
				217448CF26379EA500062512 /* Tests_iOS.swift in Sources */,
			);
			runOnlyForDeploymentPostprocessing = 0;
		};
		217448D126379EA500062512 /* Sources */ = {
			isa = PBXSourcesBuildPhase;
			buildActionMask = 2147483647;
			files = (
				217448DA26379EA500062512 /* Tests_macOS.swift in Sources */,
			);
			runOnlyForDeploymentPostprocessing = 0;
		};
/* End PBXSourcesBuildPhase section */

/* Begin PBXTargetDependency section */
		217448CC26379EA500062512 /* PBXTargetDependency */ = {
			isa = PBXTargetDependency;
			target = 217448B926379EA400062512 /* nerdeame (iOS) */;
			targetProxy = 217448CB26379EA500062512 /* PBXContainerItemProxy */;
		};
		217448D726379EA500062512 /* PBXTargetDependency */ = {
			isa = PBXTargetDependency;
			target = 217448C126379EA500062512 /* nerdeame (macOS) */;
			targetProxy = 217448D626379EA500062512 /* PBXContainerItemProxy */;
		};
/* End PBXTargetDependency section */

/* Begin XCBuildConfiguration section */
		217448E226379EA500062512 /* Debug */ = {
			isa = XCBuildConfiguration;
			buildSettings = {
				ALWAYS_SEARCH_USER_PATHS = NO;
				CLANG_ANALYZER_NONNULL = YES;
				CLANG_ANALYZER_NUMBER_OBJECT_CONVERSION = YES_AGGRESSIVE;
				CLANG_CXX_LANGUAGE_STANDARD = "gnu++14";
				CLANG_CXX_LIBRARY = "libc++";
				CLANG_ENABLE_MODULES = YES;
				CLANG_ENABLE_OBJC_ARC = YES;
				CLANG_ENABLE_OBJC_WEAK = YES;
				CLANG_WARN_BLOCK_CAPTURE_AUTORELEASING = YES;
				CLANG_WARN_BOOL_CONVERSION = YES;
				CLANG_WARN_COMMA = YES;
				CLANG_WARN_CONSTANT_CONVERSION = YES;
				CLANG_WARN_DEPRECATED_OBJC_IMPLEMENTATIONS = YES;
				CLANG_WARN_DIRECT_OBJC_ISA_USAGE = YES_ERROR;
				CLANG_WARN_DOCUMENTATION_COMMENTS = YES;
				CLANG_WARN_EMPTY_BODY = YES;
				CLANG_WARN_ENUM_CONVERSION = YES;
				CLANG_WARN_INFINITE_RECURSION = YES;
				CLANG_WARN_INT_CONVERSION = YES;
				CLANG_WARN_NON_LITERAL_NULL_CONVERSION = YES;
				CLANG_WARN_OBJC_IMPLICIT_RETAIN_SELF = YES;
				CLANG_WARN_OBJC_LITERAL_CONVERSION = YES;
				CLANG_WARN_OBJC_ROOT_CLASS = YES_ERROR;
				CLANG_WARN_QUOTED_INCLUDE_IN_FRAMEWORK_HEADER = YES;
				CLANG_WARN_RANGE_LOOP_ANALYSIS = YES;
				CLANG_WARN_STRICT_PROTOTYPES = YES;
				CLANG_WARN_SUSPICIOUS_MOVE = YES;
				CLANG_WARN_UNGUARDED_AVAILABILITY = YES_AGGRESSIVE;
				CLANG_WARN_UNREACHABLE_CODE = YES;
				CLANG_WARN__DUPLICATE_METHOD_MATCH = YES;
				COPY_PHASE_STRIP = NO;
				DEBUG_INFORMATION_FORMAT = dwarf;
				ENABLE_STRICT_OBJC_MSGSEND = YES;
				ENABLE_TESTABILITY = YES;
				GCC_C_LANGUAGE_STANDARD = gnu11;
				GCC_DYNAMIC_NO_PIC = NO;
				GCC_NO_COMMON_BLOCKS = YES;
				GCC_OPTIMIZATION_LEVEL = 0;
				GCC_PREPROCESSOR_DEFINITIONS = (
					"DEBUG=1",
					"$(inherited)",
				);
				GCC_WARN_64_TO_32_BIT_CONVERSION = YES;
				GCC_WARN_ABOUT_RETURN_TYPE = YES_ERROR;
				GCC_WARN_UNDECLARED_SELECTOR = YES;
				GCC_WARN_UNINITIALIZED_AUTOS = YES_AGGRESSIVE;
				GCC_WARN_UNUSED_FUNCTION = YES;
				GCC_WARN_UNUSED_VARIABLE = YES;
				MTL_ENABLE_DEBUG_INFO = INCLUDE_SOURCE;
				MTL_FAST_MATH = YES;
				ONLY_ACTIVE_ARCH = YES;
				SWIFT_ACTIVE_COMPILATION_CONDITIONS = DEBUG;
				SWIFT_OPTIMIZATION_LEVEL = "-Onone";
			};
			name = Debug;
		};
		217448E326379EA500062512 /* Release */ = {
			isa = XCBuildConfiguration;
			buildSettings = {
				ALWAYS_SEARCH_USER_PATHS = NO;
				CLANG_ANALYZER_NONNULL = YES;
				CLANG_ANALYZER_NUMBER_OBJECT_CONVERSION = YES_AGGRESSIVE;
				CLANG_CXX_LANGUAGE_STANDARD = "gnu++14";
				CLANG_CXX_LIBRARY = "libc++";
				CLANG_ENABLE_MODULES = YES;
				CLANG_ENABLE_OBJC_ARC = YES;
				CLANG_ENABLE_OBJC_WEAK = YES;
				CLANG_WARN_BLOCK_CAPTURE_AUTORELEASING = YES;
				CLANG_WARN_BOOL_CONVERSION = YES;
				CLANG_WARN_COMMA = YES;
				CLANG_WARN_CONSTANT_CONVERSION = YES;
				CLANG_WARN_DEPRECATED_OBJC_IMPLEMENTATIONS = YES;
				CLANG_WARN_DIRECT_OBJC_ISA_USAGE = YES_ERROR;
				CLANG_WARN_DOCUMENTATION_COMMENTS = YES;
				CLANG_WARN_EMPTY_BODY = YES;
				CLANG_WARN_ENUM_CONVERSION = YES;
				CLANG_WARN_INFINITE_RECURSION = YES;
				CLANG_WARN_INT_CONVERSION = YES;
				CLANG_WARN_NON_LITERAL_NULL_CONVERSION = YES;
				CLANG_WARN_OBJC_IMPLICIT_RETAIN_SELF = YES;
				CLANG_WARN_OBJC_LITERAL_CONVERSION = YES;
				CLANG_WARN_OBJC_ROOT_CLASS = YES_ERROR;
				CLANG_WARN_QUOTED_INCLUDE_IN_FRAMEWORK_HEADER = YES;
				CLANG_WARN_RANGE_LOOP_ANALYSIS = YES;
				CLANG_WARN_STRICT_PROTOTYPES = YES;
				CLANG_WARN_SUSPICIOUS_MOVE = YES;
				CLANG_WARN_UNGUARDED_AVAILABILITY = YES_AGGRESSIVE;
				CLANG_WARN_UNREACHABLE_CODE = YES;
				CLANG_WARN__DUPLICATE_METHOD_MATCH = YES;
				COPY_PHASE_STRIP = NO;
				DEBUG_INFORMATION_FORMAT = "dwarf-with-dsym";
				ENABLE_NS_ASSERTIONS = NO;
				ENABLE_STRICT_OBJC_MSGSEND = YES;
				GCC_C_LANGUAGE_STANDARD = gnu11;
				GCC_NO_COMMON_BLOCKS = YES;
				GCC_WARN_64_TO_32_BIT_CONVERSION = YES;
				GCC_WARN_ABOUT_RETURN_TYPE = YES_ERROR;
				GCC_WARN_UNDECLARED_SELECTOR = YES;
				GCC_WARN_UNINITIALIZED_AUTOS = YES_AGGRESSIVE;
				GCC_WARN_UNUSED_FUNCTION = YES;
				GCC_WARN_UNUSED_VARIABLE = YES;
				MTL_ENABLE_DEBUG_INFO = NO;
				MTL_FAST_MATH = YES;
				SWIFT_COMPILATION_MODE = wholemodule;
				SWIFT_OPTIMIZATION_LEVEL = "-O";
			};
			name = Release;
		};
		217448E526379EA500062512 /* Debug */ = {
			isa = XCBuildConfiguration;
			buildSettings = {
				ASSETCATALOG_COMPILER_APPICON_NAME = AppIcon;
				ASSETCATALOG_COMPILER_GLOBAL_ACCENT_COLOR_NAME = AccentColor;
				CODE_SIGN_STYLE = Automatic;
				ENABLE_PREVIEWS = YES;
				INFOPLIST_FILE = iOS/Info.plist;
				IPHONEOS_DEPLOYMENT_TARGET = 14.0;
				LD_RUNPATH_SEARCH_PATHS = (
					"$(inherited)",
					"@executable_path/Frameworks",
				);
				PRODUCT_BUNDLE_IDENTIFIER = p11studio.nerdeame;
				PRODUCT_NAME = nerdeame;
				SDKROOT = iphoneos;
				SWIFT_VERSION = 5.0;
				TARGETED_DEVICE_FAMILY = "1,2";
			};
			name = Debug;
		};
		217448E626379EA500062512 /* Release */ = {
			isa = XCBuildConfiguration;
			buildSettings = {
				ASSETCATALOG_COMPILER_APPICON_NAME = AppIcon;
				ASSETCATALOG_COMPILER_GLOBAL_ACCENT_COLOR_NAME = AccentColor;
				CODE_SIGN_STYLE = Automatic;
				ENABLE_PREVIEWS = YES;
				INFOPLIST_FILE = iOS/Info.plist;
				IPHONEOS_DEPLOYMENT_TARGET = 14.0;
				LD_RUNPATH_SEARCH_PATHS = (
					"$(inherited)",
					"@executable_path/Frameworks",
				);
				PRODUCT_BUNDLE_IDENTIFIER = p11studio.nerdeame;
				PRODUCT_NAME = nerdeame;
				SDKROOT = iphoneos;
				SWIFT_VERSION = 5.0;
				TARGETED_DEVICE_FAMILY = "1,2";
				VALIDATE_PRODUCT = YES;
			};
			name = Release;
		};
		217448E826379EA500062512 /* Debug */ = {
			isa = XCBuildConfiguration;
			buildSettings = {
				ASSETCATALOG_COMPILER_APPICON_NAME = AppIcon;
				ASSETCATALOG_COMPILER_GLOBAL_ACCENT_COLOR_NAME = AccentColor;
				CODE_SIGN_ENTITLEMENTS = macOS/macOS.entitlements;
				CODE_SIGN_STYLE = Automatic;
				COMBINE_HIDPI_IMAGES = YES;
				ENABLE_PREVIEWS = YES;
				INFOPLIST_FILE = macOS/Info.plist;
				LD_RUNPATH_SEARCH_PATHS = (
					"$(inherited)",
					"@executable_path/../Frameworks",
				);
				MACOSX_DEPLOYMENT_TARGET = 11.0;
				PRODUCT_BUNDLE_IDENTIFIER = p11studio.nerdeame;
				PRODUCT_NAME = nerdeame;
				SDKROOT = macosx;
				SWIFT_VERSION = 5.0;
			};
			name = Debug;
		};
		217448E926379EA500062512 /* Release */ = {
			isa = XCBuildConfiguration;
			buildSettings = {
				ASSETCATALOG_COMPILER_APPICON_NAME = AppIcon;
				ASSETCATALOG_COMPILER_GLOBAL_ACCENT_COLOR_NAME = AccentColor;
				CODE_SIGN_ENTITLEMENTS = macOS/macOS.entitlements;
				CODE_SIGN_STYLE = Automatic;
				COMBINE_HIDPI_IMAGES = YES;
				ENABLE_PREVIEWS = YES;
				INFOPLIST_FILE = macOS/Info.plist;
				LD_RUNPATH_SEARCH_PATHS = (
					"$(inherited)",
					"@executable_path/../Frameworks",
				);
				MACOSX_DEPLOYMENT_TARGET = 11.0;
				PRODUCT_BUNDLE_IDENTIFIER = p11studio.nerdeame;
				PRODUCT_NAME = nerdeame;
				SDKROOT = macosx;
				SWIFT_VERSION = 5.0;
			};
			name = Release;
		};
		217448EB26379EA500062512 /* Debug */ = {
			isa = XCBuildConfiguration;
			buildSettings = {
				ALWAYS_EMBED_SWIFT_STANDARD_LIBRARIES = YES;
				CODE_SIGN_STYLE = Automatic;
				INFOPLIST_FILE = "Tests iOS/Info.plist";
				IPHONEOS_DEPLOYMENT_TARGET = 14.4;
				LD_RUNPATH_SEARCH_PATHS = (
					"$(inherited)",
					"@executable_path/Frameworks",
					"@loader_path/Frameworks",
				);
				PRODUCT_BUNDLE_IDENTIFIER = "p11studio.Tests-iOS";
				PRODUCT_NAME = "$(TARGET_NAME)";
				SDKROOT = iphoneos;
				SWIFT_VERSION = 5.0;
				TARGETED_DEVICE_FAMILY = "1,2";
				TEST_TARGET_NAME = "nerdeame (iOS)";
			};
			name = Debug;
		};
		217448EC26379EA500062512 /* Release */ = {
			isa = XCBuildConfiguration;
			buildSettings = {
				ALWAYS_EMBED_SWIFT_STANDARD_LIBRARIES = YES;
				CODE_SIGN_STYLE = Automatic;
				INFOPLIST_FILE = "Tests iOS/Info.plist";
				IPHONEOS_DEPLOYMENT_TARGET = 14.4;
				LD_RUNPATH_SEARCH_PATHS = (
					"$(inherited)",
					"@executable_path/Frameworks",
					"@loader_path/Frameworks",
				);
				PRODUCT_BUNDLE_IDENTIFIER = "p11studio.Tests-iOS";
				PRODUCT_NAME = "$(TARGET_NAME)";
				SDKROOT = iphoneos;
				SWIFT_VERSION = 5.0;
				TARGETED_DEVICE_FAMILY = "1,2";
				TEST_TARGET_NAME = "nerdeame (iOS)";
				VALIDATE_PRODUCT = YES;
			};
			name = Release;
		};
		217448EE26379EA500062512 /* Debug */ = {
			isa = XCBuildConfiguration;
			buildSettings = {
				ALWAYS_EMBED_SWIFT_STANDARD_LIBRARIES = YES;
				CODE_SIGN_STYLE = Automatic;
				COMBINE_HIDPI_IMAGES = YES;
				INFOPLIST_FILE = "Tests macOS/Info.plist";
				LD_RUNPATH_SEARCH_PATHS = (
					"$(inherited)",
					"@executable_path/../Frameworks",
					"@loader_path/../Frameworks",
				);
				MACOSX_DEPLOYMENT_TARGET = 11.1;
				PRODUCT_BUNDLE_IDENTIFIER = "p11studio.Tests-macOS";
				PRODUCT_NAME = "$(TARGET_NAME)";
				SDKROOT = macosx;
				SWIFT_VERSION = 5.0;
				TEST_TARGET_NAME = "nerdeame (macOS)";
			};
			name = Debug;
		};
		217448EF26379EA500062512 /* Release */ = {
			isa = XCBuildConfiguration;
			buildSettings = {
				ALWAYS_EMBED_SWIFT_STANDARD_LIBRARIES = YES;
				CODE_SIGN_STYLE = Automatic;
				COMBINE_HIDPI_IMAGES = YES;
				INFOPLIST_FILE = "Tests macOS/Info.plist";
				LD_RUNPATH_SEARCH_PATHS = (
					"$(inherited)",
					"@executable_path/../Frameworks",
					"@loader_path/../Frameworks",
				);
				MACOSX_DEPLOYMENT_TARGET = 11.1;
				PRODUCT_BUNDLE_IDENTIFIER = "p11studio.Tests-macOS";
				PRODUCT_NAME = "$(TARGET_NAME)";
				SDKROOT = macosx;
				SWIFT_VERSION = 5.0;
				TEST_TARGET_NAME = "nerdeame (macOS)";
			};
			name = Release;
		};
/* End XCBuildConfiguration section */

/* Begin XCConfigurationList section */
		217448B126379EA200062512 /* Build configuration list for PBXProject "nerdeame" */ = {
			isa = XCConfigurationList;
			buildConfigurations = (
				217448E226379EA500062512 /* Debug */,
				217448E326379EA500062512 /* Release */,
			);
			defaultConfigurationIsVisible = 0;
			defaultConfigurationName = Release;
		};
		217448E426379EA500062512 /* Build configuration list for PBXNativeTarget "nerdeame (iOS)" */ = {
			isa = XCConfigurationList;
			buildConfigurations = (
				217448E526379EA500062512 /* Debug */,
				217448E626379EA500062512 /* Release */,
			);
			defaultConfigurationIsVisible = 0;
			defaultConfigurationName = Release;
		};
		217448E726379EA500062512 /* Build configuration list for PBXNativeTarget "nerdeame (macOS)" */ = {
			isa = XCConfigurationList;
			buildConfigurations = (
				217448E826379EA500062512 /* Debug */,
				217448E926379EA500062512 /* Release */,
			);
			defaultConfigurationIsVisible = 0;
			defaultConfigurationName = Release;
		};
		217448EA26379EA500062512 /* Build configuration list for PBXNativeTarget "Tests iOS" */ = {
			isa = XCConfigurationList;
			buildConfigurations = (
				217448EB26379EA500062512 /* Debug */,
				217448EC26379EA500062512 /* Release */,
			);
			defaultConfigurationIsVisible = 0;
			defaultConfigurationName = Release;
		};
		217448ED26379EA500062512 /* Build configuration list for PBXNativeTarget "Tests macOS" */ = {
			isa = XCConfigurationList;
			buildConfigurations = (
				217448EE26379EA500062512 /* Debug */,
				217448EF26379EA500062512 /* Release */,
			);
			defaultConfigurationIsVisible = 0;
			defaultConfigurationName = Release;
		};
/* End XCConfigurationList section */
	};
	rootObject = 217448AE26379EA200062512 /* Project object */;
}
